
Microsoft Visual Studio Solution File, Format Version 12.00
# Visual Studio Version 17
VisualStudioVersion = 17.9.34622.214
MinimumVisualStudioVersion = 10.0.40219.1
Project("{FAE04EC0-301F-11D3-BF4B-00C04F79EFBC}") = "ConsoleApp", "ConsoleApp\ConsoleApp.csproj", "{787889F0-E683-4D8C-A26E-4C07FA244662}"
EndProject
Project("{FAE04EC0-301F-11D3-BF4B-00C04F79EFBC}") = "ClassLibrary", "ClassLibrary\ClassLibrary.csproj", "{0518382F-0DB7-4C0F-B360-77ED00AABA9B}"
EndProject
Global
	GlobalSection(SolutionConfigurationPlatforms) = preSolution
		Debug|Any CPU = Debug|Any CPU
		Release|Any CPU = Release|Any CPU
	EndGlobalSection
	GlobalSection(ProjectConfigurationPlatforms) = postSolution
		{787889F0-E683-4D8C-A26E-4C07FA244662}.Debug|Any CPU.ActiveCfg = Debug|Any CPU
		{787889F0-E683-4D8C-A26E-4C07FA244662}.Debug|Any CPU.Build.0 = Debug|Any CPU
		{787889F0-E683-4D8C-A26E-4C07FA244662}.Release|Any CPU.ActiveCfg = Release|Any CPU
		{787889F0-E683-4D8C-A26E-4C07FA244662}.Release|Any CPU.Build.0 = Release|Any CPU
		{0518382F-0DB7-4C0F-B360-77ED00AABA9B}.Debug|Any CPU.ActiveCfg = Debug|Any CPU
		{0518382F-0DB7-4C0F-B360-77ED00AABA9B}.Debug|Any CPU.Build.0 = Debug|Any CPU
		{0518382F-0DB7-4C0F-B360-77ED00AABA9B}.Release|Any CPU.ActiveCfg = Release|Any CPU
		{0518382F-0DB7-4C0F-B360-77ED00AABA9B}.Release|Any CPU.Build.0 = Release|Any CPU
	EndGlobalSection
	GlobalSection(SolutionProperties) = preSolution
		HideSolutionNode = FALSE
	EndGlobalSection
	GlobalSection(ExtensibilityGlobals) = postSolution
		SolutionGuid = {9B8A3BFE-F3C1-452B-8B06-E9E59845E01D}
	EndGlobalSection
EndGlobal
